{
  "name": "npm-la-recovery",
  "version": "0.0.101",
  "lockfileVersion": 1,
  "requires": true,
  "dependencies": {
    "@types/async": {
      "version": "2.0.47",
      "resolved": "https://registry.npmjs.org/@types/async/-/async-2.0.47.tgz",
      "integrity": "sha512-/mQMARXVSuGbwOFFBKA4s0qRKtOaaTgnllp3qU4sMzDVGGAroPblyd529yBALnK/WEY8nHyRGx0/RFUDmhpVmQ==",
      "dev": true
    },
    "@types/core-js": {
      "version": "0.9.45",
      "resolved": "https://registry.npmjs.org/@types/core-js/-/core-js-0.9.45.tgz",
      "integrity": "sha512-m3sELgMnL2NQsSg0tdEqXQmCdQ1jwP6kvzFd6DJlYDmqNhoTT6LUg0ckLbR1kCpkbiK5dgjUrgcnrV8zx69ZeQ==",
      "dev": true
    },
    "@types/node": {
      "version": "9.3.0",
      "resolved": "https://registry.npmjs.org/@types/node/-/node-9.3.0.tgz",
      "integrity": "sha512-wNBfvNjzsJl4tswIZKXCFQY0lss9nKUyJnG6T94X/eqjRgI2jHZ4evdjhQYBSan/vGtF6XVXPApOmNH2rf0KKw==",
      "dev": true
    },
    "@types/semver": {
      "version": "5.4.0",
      "resolved": "https://registry.npmjs.org/@types/semver/-/semver-5.4.0.tgz",
      "integrity": "sha512-PBHCvO98hNec9A491vBbh0ZNDOVxccwKL1u2pm6fs9oDgm7SEnw0lEHqHfjsYryDxnE3zaf7LvERWEXjOp1hig==",
      "dev": true
    },
    "async": {
      "version": "2.6.0",
      "resolved": "https://registry.npmjs.org/async/-/async-2.6.0.tgz",
      "integrity": "sha512-xAfGg1/NTLBBKlHFmnd7PlmUW9KhVQIUuSrYem9xzFUZy13ScvtyGGejaae9iAVRiRq9+Cx7DPFaAAhCpyxyPw==",
      "requires": {
        "lodash": "4.17.4"
      }
    },
    "lodash": {
      "version": "4.17.4",
      "resolved": "https://registry.npmjs.org/lodash/-/lodash-4.17.4.tgz",
      "integrity": "sha1-eCA6TRwyiuHYbcpkYONptX9AVa4="
    },
    "residence": {
      "version": "0.0.207",
      "resolved": "https://registry.npmjs.org/residence/-/residence-0.0.207.tgz",
      "integrity": "sha1-seVVlzxiN5Dwe84HftKSmYaKobo="
    },
    "semver": {
      "version": "5.5.0",
      "resolved": "https://registry.npmjs.org/semver/-/semver-5.5.0.tgz",
      "integrity": "sha512-4SJ3dm0WAwWy/NVeioZh5AntkdJoWKxHxcmyP622fOkgHa4z3R0TdBJICINyaSDE6uNwVc8gZr+ZinwZAH4xIA=="
    }
  }
}
